github.com/google/go-cmp v0.6.0/go.mod h1:17dUlkBOakJ0+DkrSSNjCkIjxS6bF9zb3elmeNGIjoY=
github.com/tmc/dot v0.0.0-20240706220314-807a4443f426 h1:O9lYqOgsqBxV9dTcHwgSB1tjfV6G+9kxiHGW6EIrkRE=
github.com/tmc/dot v0.0.0-20240706220314-807a4443f426/go.mod h1:DV83s9TfD0rgoKcqvDmM+aYdz6BXmTkquwd+bI/8tlo=
github.com/tmc/dot v0.1.1 h1:1iQVt7BFGGb71f5Fa41tIg8H0Dy99hUmSEDUbnhvTYA=
github.com/tmc/dot v0.1.1/go.mod h1:kKjiVNmuiZAXsD+lzpvIt/USiPhA5UhKjWKVWFDjWZA=
github.com/tmc/dot v0.2.0 h1:AoRmIMCseJd6oA9SAo2FnPzYShe22cmV9bzCpBLym0E=
github.com/tmc/dot v0.2.0/go.mod h1:kKjiVNmuiZAXsD+lzpvIt/USiPhA5UhKjWKVWFDjWZA=
